// !$*UTF8*$!
{
	archiveVersion = 1;
	classes = {
	};
	objectVersion = 46;
	objects = {

/* Begin PBXBuildFile section */
		3478796F1F3AD5AE009ED25C /* main.m in Sources */ = {isa = PBXBuildFile; fileRef = 3478796E1F3AD5AE009ED25C /* main.m */; };
		347879721F3AD5AE009ED25C /* AppDelegate.m in Sources */ = {isa = PBXBuildFile; fileRef = 347879711F3AD5AE009ED25C /* AppDelegate.m */; };
		347879751F3AD5AE009ED25C /* ViewController.m in Sources */ = {isa = PBXBuildFile; fileRef = 347879741F3AD5AE009ED25C /* ViewController.m */; };
		347879781F3AD5AE009ED25C /* Main.storyboard in Resources */ = {isa = PBXBuildFile; fileRef = 347879761F3AD5AE009ED25C /* Main.storyboard */; };
		3478797A1F3AD5AE009ED25C /* Assets.xcassets in Resources */ = {isa = PBXBuildFile; fileRef = 347879791F3AD5AE009ED25C /* Assets.xcassets */; };
		3478797D1F3AD5AE009ED25C /* LaunchScreen.storyboard in Resources */ = {isa = PBXBuildFile; fileRef = 3478797B1F3AD5AE009ED25C /* LaunchScreen.storyboard */; };
		347879881F3AD5AE009ED25C /* LSAnimatorDemoTests.m in Sources */ = {isa = PBXBuildFile; fileRef = 347879871F3AD5AE009ED25C /* LSAnimatorDemoTests.m */; };
		347879931F3AD5AE009ED25C /* LSAnimatorDemoUITests.m in Sources */ = {isa = PBXBuildFile; fileRef = 347879921F3AD5AE009ED25C /* LSAnimatorDemoUITests.m */; };
		347879AF1F3AD6AB009ED25C /* CALayer+LSAnimator.m in Sources */ = {isa = PBXBuildFile; fileRef = 347879A21F3AD6AB009ED25C /* CALayer+LSAnimator.m */; };
		347879B01F3AD6AB009ED25C /* LSAnimatorChain.m in Sources */ = {isa = PBXBuildFile; fileRef = 347879A61F3AD6AB009ED25C /* LSAnimatorChain.m */; };
		347879B11F3AD6AB009ED25C /* LSAnimatorLinker.m in Sources */ = {isa = PBXBuildFile; fileRef = 347879A81F3AD6AB009ED25C /* LSAnimatorLinker.m */; };
		347879B21F3AD6AB009ED25C /* LSKeyframeAnimation.m in Sources */ = {isa = PBXBuildFile; fileRef = 347879AA1F3AD6AB009ED25C /* LSKeyframeAnimation.m */; };
		347879B31F3AD6AB009ED25C /* LSKeyframeAnimationFunctions.c in Sources */ = {isa = PBXBuildFile; fileRef = 347879AB1F3AD6AB009ED25C /* LSKeyframeAnimationFunctions.c */; };
		347879B41F3AD6AB009ED25C /* UIView+LSAnimator.m in Sources */ = {isa = PBXBuildFile; fileRef = 347879AE1F3AD6AB009ED25C /* UIView+LSAnimator.m */; };
/* End PBXBuildFile section */

/* Begin PBXContainerItemProxy section */
		347879841F3AD5AE009ED25C /* PBXContainerItemProxy */ = {
			isa = PBXContainerItemProxy;
			containerPortal = 347879621F3AD5AE009ED25C /* Project object */;
			proxyType = 1;
			remoteGlobalIDString = 347879691F3AD5AE009ED25C;
			remoteInfo = LSAnimatorDemo;
		};
		3478798F1F3AD5AE009ED25C /* PBXContainerItemProxy */ = {
			isa = PBXContainerItemProxy;
			containerPortal = 347879621F3AD5AE009ED25C /* Project object */;
			proxyType = 1;
			remoteGlobalIDString = 347879691F3AD5AE009ED25C;
			remoteInfo = LSAnimatorDemo;
		};
/* End PBXContainerItemProxy section */

/* Begin PBXFileReference section */
		3478796A1F3AD5AE009ED25C /* LSAnimatorDemo.app */ = {isa = PBXFileReference; explicitFileType = wrapper.application; includeInIndex = 0; path = LSAnimatorDemo.app; sourceTree = BUILT_PRODUCTS_DIR; };
		3478796E1F3AD5AE009ED25C /* main.m */ = {isa = PBXFileReference; lastKnownFileType = sourcecode.c.objc; path = main.m; sourceTree = "<group>"; };
		347879701F3AD5AE009ED25C /* AppDelegate.h */ = {isa = PBXFileReference; lastKnownFileType = sourcecode.c.h; path = AppDelegate.h; sourceTree = "<group>"; };
		347879711F3AD5AE009ED25C /* AppDelegate.m */ = {isa = PBXFileReference; lastKnownFileType = sourcecode.c.objc; path = AppDelegate.m; sourceTree = "<group>"; };
		347879731F3AD5AE009ED25C /* ViewController.h */ = {isa = PBXFileReference; lastKnownFileType = sourcecode.c.h; path = ViewController.h; sourceTree = "<group>"; };
		347879741F3AD5AE009ED25C /* ViewController.m */ = {isa = PBXFileReference; lastKnownFileType = sourcecode.c.objc; path = ViewController.m; sourceTree = "<group>"; };
		347879771F3AD5AE009ED25C /* Base */ = {isa = PBXFileReference; lastKnownFileType = file.storyboard; name = Base; path = Base.lproj/Main.storyboard; sourceTree = "<group>"; };
		347879791F3AD5AE009ED25C /* Assets.xcassets */ = {isa = PBXFileReference; lastKnownFileType = folder.assetcatalog; path = Assets.xcassets; sourceTree = "<group>"; };
		3478797C1F3AD5AE009ED25C /* Base */ = {isa = PBXFileReference; lastKnownFileType = file.storyboard; name = Base; path = Base.lproj/LaunchScreen.storyboard; sourceTree = "<group>"; };
		3478797E1F3AD5AE009ED25C /* Info.plist */ = {isa = PBXFileReference; lastKnownFileType = text.plist.xml; path = Info.plist; sourceTree = "<group>"; };
		347879831F3AD5AE009ED25C /* LSAnimatorDemoTests.xctest */ = {isa = PBXFileReference; explicitFileType = wrapper.cfbundle; includeInIndex = 0; path = LSAnimatorDemoTests.xctest; sourceTree = BUILT_PRODUCTS_DIR; };
		347879871F3AD5AE009ED25C /* LSAnimatorDemoTests.m */ = {isa = PBXFileReference; lastKnownFileType = sourcecode.c.objc; path = LSAnimatorDemoTests.m; sourceTree = "<group>"; };
		347879891F3AD5AE009ED25C /* Info.plist */ = {isa = PBXFileReference; lastKnownFileType = text.plist.xml; path = Info.plist; sourceTree = "<group>"; };
		3478798E1F3AD5AE009ED25C /* LSAnimatorDemoUITests.xctest */ = {isa = PBXFileReference; explicitFileType = wrapper.cfbundle; includeInIndex = 0; path = LSAnimatorDemoUITests.xctest; sourceTree = BUILT_PRODUCTS_DIR; };
		347879921F3AD5AE009ED25C /* LSAnimatorDemoUITests.m */ = {isa = PBXFileReference; lastKnownFileType = sourcecode.c.objc; path = LSAnimatorDemoUITests.m; sourceTree = "<group>"; };
		347879941F3AD5AE009ED25C /* Info.plist */ = {isa = PBXFileReference; lastKnownFileType = text.plist.xml; path = Info.plist; sourceTree = "<group>"; };
		347879A11F3AD6AB009ED25C /* CALayer+LSAnimator.h */ = {isa = PBXFileReference; fileEncoding = 4; lastKnownFileType = sourcecode.c.h; path = "CALayer+LSAnimator.h"; sourceTree = "<group>"; };
		347879A21F3AD6AB009ED25C /* CALayer+LSAnimator.m */ = {isa = PBXFileReference; fileEncoding = 4; lastKnownFileType = sourcecode.c.objc; path = "CALayer+LSAnimator.m"; sourceTree = "<group>"; };
		347879A31F3AD6AB009ED25C /* LSAnimator.h */ = {isa = PBXFileReference; fileEncoding = 4; lastKnownFileType = sourcecode.c.h; path = LSAnimator.h; sourceTree = "<group>"; };
		347879A41F3AD6AB009ED25C /* LSAnimatorBlocks.h */ = {isa = PBXFileReference; fileEncoding = 4; lastKnownFileType = sourcecode.c.h; path = LSAnimatorBlocks.h; sourceTree = "<group>"; };
		347879A51F3AD6AB009ED25C /* LSAnimatorChain.h */ = {isa = PBXFileReference; fileEncoding = 4; lastKnownFileType = sourcecode.c.h; path = LSAnimatorChain.h; sourceTree = "<group>"; };
		347879A61F3AD6AB009ED25C /* LSAnimatorChain.m */ = {isa = PBXFileReference; fileEncoding = 4; lastKnownFileType = sourcecode.c.objc; path = LSAnimatorChain.m; sourceTree = "<group>"; };
		347879A71F3AD6AB009ED25C /* LSAnimatorLinker.h */ = {isa = PBXFileReference; fileEncoding = 4; lastKnownFileType = sourcecode.c.h; path = LSAnimatorLinker.h; sourceTree = "<group>"; };
		347879A81F3AD6AB009ED25C /* LSAnimatorLinker.m */ = {isa = PBXFileReference; fileEncoding = 4; lastKnownFileType = sourcecode.c.objc; path = LSAnimatorLinker.m; sourceTree = "<group>"; };
		347879A91F3AD6AB009ED25C /* LSKeyframeAnimation.h */ = {isa = PBXFileReference; fileEncoding = 4; lastKnownFileType = sourcecode.c.h; path = LSKeyframeAnimation.h; sourceTree = "<group>"; };
		347879AA1F3AD6AB009ED25C /* LSKeyframeAnimation.m */ = {isa = PBXFileReference; fileEncoding = 4; lastKnownFileType = sourcecode.c.objc; path = LSKeyframeAnimation.m; sourceTree = "<group>"; };
		347879AB1F3AD6AB009ED25C /* LSKeyframeAnimationFunctions.c */ = {isa = PBXFileReference; fileEncoding = 4; lastKnownFileType = sourcecode.c.c; path = LSKeyframeAnimationFunctions.c; sourceTree = "<group>"; };
		347879AC1F3AD6AB009ED25C /* LSKeyframeAnimationFunctions.h */ = {isa = PBXFileReference; fileEncoding = 4; lastKnownFileType = sourcecode.c.h; path = LSKeyframeAnimationFunctions.h; sourceTree = "<group>"; };
		347879AD1F3AD6AB009ED25C /* UIView+LSAnimator.h */ = {isa = PBXFileReference; fileEncoding = 4; lastKnownFileType = sourcecode.c.h; path = "UIView+LSAnimator.h"; sourceTree = "<group>"; };
		347879AE1F3AD6AB009ED25C /* UIView+LSAnimator.m */ = {isa = PBXFileReference; fileEncoding = 4; lastKnownFileType = sourcecode.c.objc; path = "UIView+LSAnimator.m"; sourceTree = "<group>"; };
/* End PBXFileReference section */

/* Begin PBXFrameworksBuildPhase section */
		347879671F3AD5AE009ED25C /* Frameworks */ = {
			isa = PBXFrameworksBuildPhase;
			buildActionMask = 2147483647;
			files = (
			);
			runOnlyForDeploymentPostprocessing = 0;
		};
		347879801F3AD5AE009ED25C /* Frameworks */ = {
			isa = PBXFrameworksBuildPhase;
			buildActionMask = 2147483647;
			files = (
			);
			runOnlyForDeploymentPostprocessing = 0;
		};
		3478798B1F3AD5AE009ED25C /* Frameworks */ = {
			isa = PBXFrameworksBuildPhase;
			buildActionMask = 2147483647;
			files = (
			);
			runOnlyForDeploymentPostprocessing = 0;
		};
/* End PBXFrameworksBuildPhase section */

/* Begin PBXGroup section */
		347879611F3AD5AE009ED25C = {
			isa = PBXGroup;
			children = (
				3478796C1F3AD5AE009ED25C /* LSAnimatorDemo */,
				347879861F3AD5AE009ED25C /* LSAnimatorDemoTests */,
				347879911F3AD5AE009ED25C /* LSAnimatorDemoUITests */,
				3478796B1F3AD5AE009ED25C /* Products */,
			);
			sourceTree = "<group>";
		};
		3478796B1F3AD5AE009ED25C /* Products */ = {
			isa = PBXGroup;
			children = (
				3478796A1F3AD5AE009ED25C /* LSAnimatorDemo.app */,
				347879831F3AD5AE009ED25C /* LSAnimatorDemoTests.xctest */,
				3478798E1F3AD5AE009ED25C /* LSAnimatorDemoUITests.xctest */,
			);
			name = Products;
			sourceTree = "<group>";
		};
		3478796C1F3AD5AE009ED25C /* LSAnimatorDemo */ = {
			isa = PBXGroup;
			children = (
				347879A01F3AD6AB009ED25C /* LSAnimator */,
				347879701F3AD5AE009ED25C /* AppDelegate.h */,
				347879711F3AD5AE009ED25C /* AppDelegate.m */,
				347879731F3AD5AE009ED25C /* ViewController.h */,
				347879741F3AD5AE009ED25C /* ViewController.m */,
				347879761F3AD5AE009ED25C /* Main.storyboard */,
				347879791F3AD5AE009ED25C /* Assets.xcassets */,
				3478797B1F3AD5AE009ED25C /* LaunchScreen.storyboard */,
				3478797E1F3AD5AE009ED25C /* Info.plist */,
				3478796D1F3AD5AE009ED25C /* Supporting Files */,
			);
			path = LSAnimatorDemo;
			sourceTree = "<group>";
		};
		3478796D1F3AD5AE009ED25C /* Supporting Files */ = {
			isa = PBXGroup;
			children = (
				3478796E1F3AD5AE009ED25C /* main.m */,
			);
			name = "Supporting Files";
			sourceTree = "<group>";
		};
		347879861F3AD5AE009ED25C /* LSAnimatorDemoTests */ = {
			isa = PBXGroup;
			children = (
				347879871F3AD5AE009ED25C /* LSAnimatorDemoTests.m */,
				347879891F3AD5AE009ED25C /* Info.plist */,
			);
			path = LSAnimatorDemoTests;
			sourceTree = "<group>";
		};
		347879911F3AD5AE009ED25C /* LSAnimatorDemoUITests */ = {
			isa = PBXGroup;
			children = (
				347879921F3AD5AE009ED25C /* LSAnimatorDemoUITests.m */,
				347879941F3AD5AE009ED25C /* Info.plist */,
			);
			path = LSAnimatorDemoUITests;
			sourceTree = "<group>";
		};
		347879A01F3AD6AB009ED25C /* LSAnimator */ = {
			isa = PBXGroup;
			children = (
				347879A11F3AD6AB009ED25C /* CALayer+LSAnimator.h */,
				347879A21F3AD6AB009ED25C /* CALayer+LSAnimator.m */,
				347879A31F3AD6AB009ED25C /* LSAnimator.h */,
				347879A41F3AD6AB009ED25C /* LSAnimatorBlocks.h */,
				347879A51F3AD6AB009ED25C /* LSAnimatorChain.h */,
				347879A61F3AD6AB009ED25C /* LSAnimatorChain.m */,
				347879A71F3AD6AB009ED25C /* LSAnimatorLinker.h */,
				347879A81F3AD6AB009ED25C /* LSAnimatorLinker.m */,
				347879A91F3AD6AB009ED25C /* LSKeyframeAnimation.h */,
				347879AA1F3AD6AB009ED25C /* LSKeyframeAnimation.m */,
				347879AB1F3AD6AB009ED25C /* LSKeyframeAnimationFunctions.c */,
				347879AC1F3AD6AB009ED25C /* LSKeyframeAnimationFunctions.h */,
				347879AD1F3AD6AB009ED25C /* UIView+LSAnimator.h */,
				347879AE1F3AD6AB009ED25C /* UIView+LSAnimator.m */,
			);
			path = LSAnimator;
			sourceTree = "<group>";
		};
/* End PBXGroup section */

/* Begin PBXNativeTarget section */
		347879691F3AD5AE009ED25C /* LSAnimatorDemo */ = {
			isa = PBXNativeTarget;
			buildConfigurationList = 347879971F3AD5AE009ED25C /* Build configuration list for PBXNativeTarget "LSAnimatorDemo" */;
			buildPhases = (
				347879661F3AD5AE009ED25C /* Sources */,
				347879671F3AD5AE009ED25C /* Frameworks */,
				347879681F3AD5AE009ED25C /* Resources */,
			);
			buildRules = (
			);
			dependencies = (
			);
			name = LSAnimatorDemo;
			productName = LSAnimatorDemo;
			productReference = 3478796A1F3AD5AE009ED25C /* LSAnimatorDemo.app */;
			productType = "com.apple.product-type.application";
		};
		347879821F3AD5AE009ED25C /* LSAnimatorDemoTests */ = {
			isa = PBXNativeTarget;
			buildConfigurationList = 3478799A1F3AD5AE009ED25C /* Build configuration list for PBXNativeTarget "LSAnimatorDemoTests" */;
			buildPhases = (
				3478797F1F3AD5AE009ED25C /* Sources */,
				347879801F3AD5AE009ED25C /* Frameworks */,
				347879811F3AD5AE009ED25C /* Resources */,
			);
			buildRules = (
			);
			dependencies = (
				347879851F3AD5AE009ED25C /* PBXTargetDependency */,
			);
			name = LSAnimatorDemoTests;
			productName = LSAnimatorDemoTests;
			productReference = 347879831F3AD5AE009ED25C /* LSAnimatorDemoTests.xctest */;
			productType = "com.apple.product-type.bundle.unit-test";
		};
		3478798D1F3AD5AE009ED25C /* LSAnimatorDemoUITests */ = {
			isa = PBXNativeTarget;
			buildConfigurationList = 3478799D1F3AD5AE009ED25C /* Build configuration list for PBXNativeTarget "LSAnimatorDemoUITests" */;
			buildPhases = (
				3478798A1F3AD5AE009ED25C /* Sources */,
				3478798B1F3AD5AE009ED25C /* Frameworks */,
				3478798C1F3AD5AE009ED25C /* Resources */,
			);
			buildRules = (
			);
			dependencies = (
				347879901F3AD5AE009ED25C /* PBXTargetDependency */,
			);
			name = LSAnimatorDemoUITests;
			productName = LSAnimatorDemoUITests;
			productReference = 3478798E1F3AD5AE009ED25C /* LSAnimatorDemoUITests.xctest */;
			productType = "com.apple.product-type.bundle.ui-testing";
		};
/* End PBXNativeTarget section */

/* Begin PBXProject section */
		347879621F3AD5AE009ED25C /* Project object */ = {
			isa = PBXProject;
			attributes = {
				LastUpgradeCheck = 0830;
				ORGANIZATIONNAME = StevenXie;
				TargetAttributes = {
					347879691F3AD5AE009ED25C = {
						CreatedOnToolsVersion = 8.3;
						DevelopmentTeam = 7QT42R489Z;
						ProvisioningStyle = Automatic;
					};
					347879821F3AD5AE009ED25C = {
						CreatedOnToolsVersion = 8.3;
						ProvisioningStyle = Automatic;
						TestTargetID = 347879691F3AD5AE009ED25C;
					};
					3478798D1F3AD5AE009ED25C = {
						CreatedOnToolsVersion = 8.3;
						ProvisioningStyle = Automatic;
						TestTargetID = 347879691F3AD5AE009ED25C;
					};
				};
			};
			buildConfigurationList = 347879651F3AD5AE009ED25C /* Build configuration list for PBXProject "LSAnimatorDemo" */;
			compatibilityVersion = "Xcode 3.2";
			developmentRegion = English;
			hasScannedForEncodings = 0;
			knownRegions = (
				en,
				Base,
			);
			mainGroup = 347879611F3AD5AE009ED25C;
			productRefGroup = 3478796B1F3AD5AE009ED25C /* Products */;
			projectDirPath = "";
			projectRoot = "";
			targets = (
				347879691F3AD5AE009ED25C /* LSAnimatorDemo */,
				347879821F3AD5AE009ED25C /* LSAnimatorDemoTests */,
				3478798D1F3AD5AE009ED25C /* LSAnimatorDemoUITests */,
			);
		};
/* End PBXProject section */

/* Begin PBXResourcesBuildPhase section */
		347879681F3AD5AE009ED25C /* Resources */ = {
			isa = PBXResourcesBuildPhase;
			buildActionMask = 2147483647;
			files = (
				3478797D1F3AD5AE009ED25C /* LaunchScreen.storyboard in Resources */,
				3478797A1F3AD5AE009ED25C /* Assets.xcassets in Resources */,
				347879781F3AD5AE009ED25C /* Main.storyboard in Resources */,
			);
			runOnlyForDeploymentPostprocessing = 0;
		};
		347879811F3AD5AE009ED25C /* Resources */ = {
			isa = PBXResourcesBuildPhase;
			buildActionMask = 2147483647;
			files = (
			);
			runOnlyForDeploymentPostprocessing = 0;
		};
		3478798C1F3AD5AE009ED25C /* Resources */ = {
			isa = PBXResourcesBuildPhase;
			buildActionMask = 2147483647;
			files = (
			);
			runOnlyForDeploymentPostprocessing = 0;
		};
/* End PBXResourcesBuildPhase section */

/* Begin PBXSourcesBuildPhase section */
		347879661F3AD5AE009ED25C /* Sources */ = {
			isa = PBXSourcesBuildPhase;
			buildActionMask = 2147483647;
			files = (
				347879751F3AD5AE009ED25C /* ViewController.m in Sources */,
				347879AF1F3AD6AB009ED25C /* CALayer+LSAnimator.m in Sources */,
				347879B41F3AD6AB009ED25C /* UIView+LSAnimator.m in Sources */,
				347879B11F3AD6AB009ED25C /* LSAnimatorLinker.m in Sources */,
				347879B31F3AD6AB009ED25C /* LSKeyframeAnimationFunctions.c in Sources */,
				347879B21F3AD6AB009ED25C /* LSKeyframeAnimation.m in Sources */,
				347879721F3AD5AE009ED25C /* AppDelegate.m in Sources */,
				3478796F1F3AD5AE009ED25C /* main.m in Sources */,
				347879B01F3AD6AB009ED25C /* LSAnimatorChain.m in Sources */,
			);
			runOnlyForDeploymentPostprocessing = 0;
		};
		3478797F1F3AD5AE009ED25C /* Sources */ = {
			isa = PBXSourcesBuildPhase;
			buildActionMask = 2147483647;
			files = (
				347879881F3AD5AE009ED25C /* LSAnimatorDemoTests.m in Sources */,
			);
			runOnlyForDeploymentPostprocessing = 0;
		};
		3478798A1F3AD5AE009ED25C /* Sources */ = {
			isa = PBXSourcesBuildPhase;
			buildActionMask = 2147483647;
			files = (
				347879931F3AD5AE009ED25C /* LSAnimatorDemoUITests.m in Sources */,
			);
			runOnlyForDeploymentPostprocessing = 0;
		};
/* End PBXSourcesBuildPhase section */

/* Begin PBXTargetDependency section */
		347879851F3AD5AE009ED25C /* PBXTargetDependency */ = {
			isa = PBXTargetDependency;
			target = 347879691F3AD5AE009ED25C /* LSAnimatorDemo */;
			targetProxy = 347879841F3AD5AE009ED25C /* PBXContainerItemProxy */;
		};
		347879901F3AD5AE009ED25C /* PBXTargetDependency */ = {
			isa = PBXTargetDependency;
			target = 347879691F3AD5AE009ED25C /* LSAnimatorDemo */;
			targetProxy = 3478798F1F3AD5AE009ED25C /* PBXContainerItemProxy */;
		};
/* End PBXTargetDependency section */

/* Begin PBXVariantGroup section */
		347879761F3AD5AE009ED25C /* Main.storyboard */ = {
			isa = PBXVariantGroup;
			children = (
				347879771F3AD5AE009ED25C /* Base */,
			);
			name = Main.storyboard;
			sourceTree = "<group>";
		};
		3478797B1F3AD5AE009ED25C /* LaunchScreen.storyboard */ = {
			isa = PBXVariantGroup;
			children = (
				3478797C1F3AD5AE009ED25C /* Base */,
			);
			name = LaunchScreen.storyboard;
			sourceTree = "<group>";
		};
/* End PBXVariantGroup section */

/* Begin XCBuildConfiguration section */
		347879951F3AD5AE009ED25C /* Debug */ = {
			isa = XCBuildConfiguration;
			buildSettings = {
				ALWAYS_SEARCH_USER_PATHS = NO;
				CLANG_ANALYZER_NONNULL = YES;
				CLANG_ANALYZER_NUMBER_OBJECT_CONVERSION = YES_AGGRESSIVE;
				CLANG_CXX_LANGUAGE_STANDARD = "gnu++0x";
				CLANG_CXX_LIBRARY = "libc++";
				CLANG_ENABLE_MODULES = YES;
				CLANG_ENABLE_OBJC_ARC = YES;
				CLANG_WARN_BOOL_CONVERSION = YES;
				CLANG_WARN_CONSTANT_CONVERSION = YES;
				CLANG_WARN_DIRECT_OBJC_ISA_USAGE = YES_ERROR;
				CLANG_WARN_DOCUMENTATION_COMMENTS = YES;
				CLANG_WARN_EMPTY_BODY = YES;
				CLANG_WARN_ENUM_CONVERSION = YES;
				CLANG_WARN_INFINITE_RECURSION = YES;
				CLANG_WARN_INT_CONVERSION = YES;
				CLANG_WARN_OBJC_ROOT_CLASS = YES_ERROR;
				CLANG_WARN_SUSPICIOUS_MOVE = YES;
				CLANG_WARN_UNREACHABLE_CODE = YES;
				CLANG_WARN__DUPLICATE_METHOD_MATCH = YES;
				"CODE_SIGN_IDENTITY[sdk=iphoneos*]" = "iPhone Developer";
				COPY_PHASE_STRIP = NO;
				DEBUG_INFORMATION_FORMAT = dwarf;
				ENABLE_STRICT_OBJC_MSGSEND = YES;
				ENABLE_TESTABILITY = YES;
				GCC_C_LANGUAGE_STANDARD = gnu99;
				GCC_DYNAMIC_NO_PIC = NO;
				GCC_NO_COMMON_BLOCKS = YES;
				GCC_OPTIMIZATION_LEVEL = 0;
				GCC_PREPROCESSOR_DEFINITIONS = (
					"DEBUG=1",
					"$(inherited)",
				);
				GCC_WARN_64_TO_32_BIT_CONVERSION = YES;
				GCC_WARN_ABOUT_RETURN_TYPE = YES_ERROR;
				GCC_WARN_UNDECLARED_SELECTOR = YES;
				GCC_WARN_UNINITIALIZED_AUTOS = YES_AGGRESSIVE;
				GCC_WARN_UNUSED_FUNCTION = YES;
				GCC_WARN_UNUSED_VARIABLE = YES;
				IPHONEOS_DEPLOYMENT_TARGET = 10.3;
				MTL_ENABLE_DEBUG_INFO = YES;
				ONLY_ACTIVE_ARCH = YES;
				SDKROOT = iphoneos;
			};
			name = Debug;
		};
		347879961F3AD5AE009ED25C /* Release */ = {
			isa = XCBuildConfiguration;
			buildSettings = {
				ALWAYS_SEARCH_USER_PATHS = NO;
				CLANG_ANALYZER_NONNULL = YES;
				CLANG_ANALYZER_NUMBER_OBJECT_CONVERSION = YES_AGGRESSIVE;
				CLANG_CXX_LANGUAGE_STANDARD = "gnu++0x";
				CLANG_CXX_LIBRARY = "libc++";
				CLANG_ENABLE_MODULES = YES;
				CLANG_ENABLE_OBJC_ARC = YES;
				CLANG_WARN_BOOL_CONVERSION = YES;
				CLANG_WARN_CONSTANT_CONVERSION = YES;
				CLANG_WARN_DIRECT_OBJC_ISA_USAGE = YES_ERROR;
				CLANG_WARN_DOCUMENTATION_COMMENTS = YES;
				CLANG_WARN_EMPTY_BODY = YES;
				CLANG_WARN_ENUM_CONVERSION = YES;
				CLANG_WARN_INFINITE_RECURSION = YES;
				CLANG_WARN_INT_CONVERSION = YES;
				CLANG_WARN_OBJC_ROOT_CLASS = YES_ERROR;
				CLANG_WARN_SUSPICIOUS_MOVE = YES;
				CLANG_WARN_UNREACHABLE_CODE = YES;
				CLANG_WARN__DUPLICATE_METHOD_MATCH = YES;
				"CODE_SIGN_IDENTITY[sdk=iphoneos*]" = "iPhone Developer";
				COPY_PHASE_STRIP = NO;
				DEBUG_INFORMATION_FORMAT = "dwarf-with-dsym";
				ENABLE_NS_ASSERTIONS = NO;
				ENABLE_STRICT_OBJC_MSGSEND = YES;
				GCC_C_LANGUAGE_STANDARD = gnu99;
				GCC_NO_COMMON_BLOCKS = YES;
				GCC_WARN_64_TO_32_BIT_CONVERSION = YES;
				GCC_WARN_ABOUT_RETURN_TYPE = YES_ERROR;
				GCC_WARN_UNDECLARED_SELECTOR = YES;
				GCC_WARN_UNINITIALIZED_AUTOS = YES_AGGRESSIVE;
				GCC_WARN_UNUSED_FUNCTION = YES;
				GCC_WARN_UNUSED_VARIABLE = YES;
				IPHONEOS_DEPLOYMENT_TARGET = 10.3;
				MTL_ENABLE_DEBUG_INFO = NO;
				SDKROOT = iphoneos;
				VALIDATE_PRODUCT = YES;
			};
			name = Release;
		};
		347879981F3AD5AE009ED25C /* Debug */ = {
			isa = XCBuildConfiguration;
			buildSettings = {
				ASSETCATALOG_COMPILER_APPICON_NAME = AppIcon;
				ASSETCATALOG_COMPILER_LAUNCHIMAGE_NAME = LaunchImage;
				DEVELOPMENT_TEAM = 7QT42R489Z;
				INFOPLIST_FILE = LSAnimatorDemo/Info.plist;
				LD_RUNPATH_SEARCH_PATHS = "$(inherited) @executable_path/Frameworks";
				PRODUCT_BUNDLE_IDENTIFIER = R.S.LSAnimatorDemo;
				PRODUCT_NAME = "$(TARGET_NAME)";
			};
			name = Debug;
		};
		347879991F3AD5AE009ED25C /* Release */ = {
			isa = XCBuildConfiguration;
			buildSettings = {
				ASSETCATALOG_COMPILER_APPICON_NAME = AppIcon;
				ASSETCATALOG_COMPILER_LAUNCHIMAGE_NAME = LaunchImage;
				DEVELOPMENT_TEAM = 7QT42R489Z;
				INFOPLIST_FILE = LSAnimatorDemo/Info.plist;
				LD_RUNPATH_SEARCH_PATHS = "$(inherited) @executable_path/Frameworks";
				PRODUCT_BUNDLE_IDENTIFIER = R.S.LSAnimatorDemo;
				PRODUCT_NAME = "$(TARGET_NAME)";
			};
			name = Release;
		};
		3478799B1F3AD5AE009ED25C /* Debug */ = {
			isa = XCBuildConfiguration;
			buildSettings = {
				BUNDLE_LOADER = "$(TEST_HOST)";
				INFOPLIST_FILE = LSAnimatorDemoTests/Info.plist;
				LD_RUNPATH_SEARCH_PATHS = "$(inherited) @executable_path/Frameworks @loader_path/Frameworks";
				PRODUCT_BUNDLE_IDENTIFIER = R.S.LSAnimatorDemoTests;
				PRODUCT_NAME = "$(TARGET_NAME)";
				TEST_HOST = "$(BUILT_PRODUCTS_DIR)/LSAnimatorDemo.app/LSAnimatorDemo";
			};
			name = Debug;
		};
		3478799C1F3AD5AE009ED25C /* Release */ = {
			isa = XCBuildConfiguration;
			buildSettings = {
				BUNDLE_LOADER = "$(TEST_HOST)";
				INFOPLIST_FILE = LSAnimatorDemoTests/Info.plist;
				LD_RUNPATH_SEARCH_PATHS = "$(inherited) @executable_path/Frameworks @loader_path/Frameworks";
				PRODUCT_BUNDLE_IDENTIFIER = R.S.LSAnimatorDemoTests;
				PRODUCT_NAME = "$(TARGET_NAME)";
				TEST_HOST = "$(BUILT_PRODUCTS_DIR)/LSAnimatorDemo.app/LSAnimatorDemo";
			};
			name = Release;
		};
		3478799E1F3AD5AE009ED25C /* Debug */ = {
			isa = XCBuildConfiguration;
			buildSettings = {
				INFOPLIST_FILE = LSAnimatorDemoUITests/Info.plist;
				LD_RUNPATH_SEARCH_PATHS = "$(inherited) @executable_path/Frameworks @loader_path/Frameworks";
				PRODUCT_BUNDLE_IDENTIFIER = R.S.LSAnimatorDemoUITests;
				PRODUCT_NAME = "$(TARGET_NAME)";
				TEST_TARGET_NAME = LSAnimatorDemo;
			};
			name = Debug;
		};
		3478799F1F3AD5AE009ED25C /* Release */ = {
			isa = XCBuildConfiguration;
			buildSettings = {
				INFOPLIST_FILE = LSAnimatorDemoUITests/Info.plist;
				LD_RUNPATH_SEARCH_PATHS = "$(inherited) @executable_path/Frameworks @loader_path/Frameworks";
				PRODUCT_BUNDLE_IDENTIFIER = R.S.LSAnimatorDemoUITests;
				PRODUCT_NAME = "$(TARGET_NAME)";
				TEST_TARGET_NAME = LSAnimatorDemo;
			};
			name = Release;
		};
/* End XCBuildConfiguration section */

/* Begin XCConfigurationList section */
		347879651F3AD5AE009ED25C /* Build configuration list for PBXProject "LSAnimatorDemo" */ = {
			isa = XCConfigurationList;
			buildConfigurations = (
				347879951F3AD5AE009ED25C /* Debug */,
				347879961F3AD5AE009ED25C /* Release */,
			);
			defaultConfigurationIsVisible = 0;
			defaultConfigurationName = Release;
		};
		347879971F3AD5AE009ED25C /* Build configuration list for PBXNativeTarget "LSAnimatorDemo" */ = {
			isa = XCConfigurationList;
			buildConfigurations = (
				347879981F3AD5AE009ED25C /* Debug */,
				347879991F3AD5AE009ED25C /* Release */,
			);
			defaultConfigurationIsVisible = 0;
		};
		3478799A1F3AD5AE009ED25C /* Build configuration list for PBXNativeTarget "LSAnimatorDemoTests" */ = {
			isa = XCConfigurationList;
			buildConfigurations = (
				3478799B1F3AD5AE009ED25C /* Debug */,
				3478799C1F3AD5AE009ED25C /* Release */,
			);
			defaultConfigurationIsVisible = 0;
		};
		3478799D1F3AD5AE009ED25C /* Build configuration list for PBXNativeTarget "LSAnimatorDemoUITests" */ = {
			isa = XCConfigurationList;
			buildConfigurations = (
				3478799E1F3AD5AE009ED25C /* Debug */,
				3478799F1F3AD5AE009ED25C /* Release */,
			);
			defaultConfigurationIsVisible = 0;
		};
/* End XCConfigurationList section */
	};
	rootObject = 347879621F3AD5AE009ED25C /* Project object */;
}
